
Microsoft Visual Studio Solution File, Format Version 12.00
# Visual Studio 2012
Project("{FAE04EC0-301F-11D3-BF4B-00C04F79EFBC}") = "ClownMini", "ClownMini\ClownMini.csproj", "{1023E90F-7134-422B-858A-EF891E391BCF}"
EndProject
Global
	GlobalSection(SolutionConfigurationPlatforms) = preSolution
		Debug|ARM = Debug|ARM
		Debug|x86 = Debug|x86
		Master|ARM = Master|ARM
		Master|x86 = Master|x86
		Release|ARM = Release|ARM
		Release|x86 = Release|x86
	EndGlobalSection
	GlobalSection(ProjectConfigurationPlatforms) = postSolution
		{1023E90F-7134-422B-858A-EF891E391BCF}.Debug|ARM.ActiveCfg = Debug|ARM
		{1023E90F-7134-422B-858A-EF891E391BCF}.Debug|ARM.Build.0 = Debug|ARM
		{1023E90F-7134-422B-858A-EF891E391BCF}.Debug|ARM.Deploy.0 = Debug|ARM
		{1023E90F-7134-422B-858A-EF891E391BCF}.Debug|x86.ActiveCfg = Debug|x86
		{1023E90F-7134-422B-858A-EF891E391BCF}.Debug|x86.Build.0 = Debug|x86
		{1023E90F-7134-422B-858A-EF891E391BCF}.Debug|x86.Deploy.0 = Debug|x86
		{1023E90F-7134-422B-858A-EF891E391BCF}.Master|ARM.ActiveCfg = Master|ARM
		{1023E90F-7134-422B-858A-EF891E391BCF}.Master|ARM.Build.0 = Master|ARM
		{1023E90F-7134-422B-858A-EF891E391BCF}.Master|ARM.Deploy.0 = Master|ARM
		{1023E90F-7134-422B-858A-EF891E391BCF}.Master|x86.ActiveCfg = Master|x86
		{1023E90F-7134-422B-858A-EF891E391BCF}.Master|x86.Build.0 = Master|x86
		{1023E90F-7134-422B-858A-EF891E391BCF}.Master|x86.Deploy.0 = Master|x86
		{1023E90F-7134-422B-858A-EF891E391BCF}.Release|ARM.ActiveCfg = Release|ARM
		{1023E90F-7134-422B-858A-EF891E391BCF}.Release|ARM.Build.0 = Release|ARM
		{1023E90F-7134-422B-858A-EF891E391BCF}.Release|ARM.Deploy.0 = Release|ARM
		{1023E90F-7134-422B-858A-EF891E391BCF}.Release|x86.ActiveCfg = Release|x86
		{1023E90F-7134-422B-858A-EF891E391BCF}.Release|x86.Build.0 = Release|x86
		{1023E90F-7134-422B-858A-EF891E391BCF}.Release|x86.Deploy.0 = Release|x86
	EndGlobalSection
	GlobalSection(SolutionProperties) = preSolution
		HideSolutionNode = FALSE
	EndGlobalSection
EndGlobal
